
Microsoft Visual Studio Solution File, Format Version 12.00
# Visual Studio Version 17
VisualStudioVersion = 17.5.002.0
MinimumVisualStudioVersion = 10.0.40219.1
Project("{9A19103F-16F7-4668-BE54-9A1E7A4F7556}") = ".Net", ".Net.csproj", "{1359AAEC-B40C-450F-B6EA-8C1D9A725F8E}"
EndProject
Global
	GlobalSection(SolutionConfigurationPlatforms) = preSolution
		Debug|Any CPU = Debug|Any CPU
		Release|Any CPU = Release|Any CPU
	EndGlobalSection
	GlobalSection(ProjectConfigurationPlatforms) = postSolution
		{1359AAEC-B40C-450F-B6EA-8C1D9A725F8E}.Debug|Any CPU.ActiveCfg = Debug|Any CPU
		{1359AAEC-B40C-450F-B6EA-8C1D9A725F8E}.Debug|Any CPU.Build.0 = Debug|Any CPU
		{1359AAEC-B40C-450F-B6EA-8C1D9A725F8E}.Release|Any CPU.ActiveCfg = Release|Any CPU
		{1359AAEC-B40C-450F-B6EA-8C1D9A725F8E}.Release|Any CPU.Build.0 = Release|Any CPU
	EndGlobalSection
	GlobalSection(SolutionProperties) = preSolution
		HideSolutionNode = FALSE
	EndGlobalSection
	GlobalSection(ExtensibilityGlobals) = postSolution
		SolutionGuid = {57D4C174-9962-41A5-999C-D11F69373A2B}
	EndGlobalSection
EndGlobal
